
Microsoft Visual Studio Solution File, Format Version 12.00
# Visual Studio Version 17
VisualStudioVersion = 17.11.35327.3
MinimumVisualStudioVersion = 10.0.40219.1
Project("{FAE04EC0-301F-11D3-BF4B-00C04F79EFBC}") = "WindowsFormsApp3", "WindowsFormsApp3\WindowsFormsApp3.csproj", "{EC59B6F2-93A0-4F58-8865-CB4DC3D5C40E}"
EndProject
Global
	GlobalSection(SolutionConfigurationPlatforms) = preSolution
		Debug|Any CPU = Debug|Any CPU
		Release|Any CPU = Release|Any CPU
	EndGlobalSection
	GlobalSection(ProjectConfigurationPlatforms) = postSolution
		{EC59B6F2-93A0-4F58-8865-CB4DC3D5C40E}.Debug|Any CPU.ActiveCfg = Debug|Any CPU
		{EC59B6F2-93A0-4F58-8865-CB4DC3D5C40E}.Debug|Any CPU.Build.0 = Debug|Any CPU
		{EC59B6F2-93A0-4F58-8865-CB4DC3D5C40E}.Release|Any CPU.ActiveCfg = Release|Any CPU
		{EC59B6F2-93A0-4F58-8865-CB4DC3D5C40E}.Release|Any CPU.Build.0 = Release|Any CPU
	EndGlobalSection
	GlobalSection(SolutionProperties) = preSolution
		HideSolutionNode = FALSE
	EndGlobalSection
	GlobalSection(ExtensibilityGlobals) = postSolution
		SolutionGuid = {0C71E6BD-BF0A-4D0F-BE1B-38ECA57F5D29}
	EndGlobalSection
EndGlobal
